
Microsoft Visual Studio Solution File, Format Version 12.00
# Visual Studio Version 17
VisualStudioVersion = 17.0.31903.59
MinimumVisualStudioVersion = 10.0.40219.1
Project("{FAE04EC0-301F-11D3-BF4B-00C04F79EFBC}") = "Sample001", "Sample001\Sample001.csproj", "{64D36B10-514F-49BA-8866-A596A4516591}"
EndProject
Project("{FAE04EC0-301F-11D3-BF4B-00C04F79EFBC}") = "AddIn-Manager", "AddIn-Manager\AddIn-Manager.csproj", "{56571013-BC2A-4EEF-973B-CC25B303BEA0}"
EndProject
Global
	GlobalSection(SolutionConfigurationPlatforms) = preSolution
		Debug|Any CPU = Debug|Any CPU
		Debug|x64 = Debug|x64
		Debug|x86 = Debug|x86
		Release|Any CPU = Release|Any CPU
		Release|x64 = Release|x64
		Release|x86 = Release|x86
	EndGlobalSection
	GlobalSection(ProjectConfigurationPlatforms) = postSolution
		{64D36B10-514F-49BA-8866-A596A4516591}.Debug|Any CPU.ActiveCfg = Debug|Any CPU
		{64D36B10-514F-49BA-8866-A596A4516591}.Debug|Any CPU.Build.0 = Debug|Any CPU
		{64D36B10-514F-49BA-8866-A596A4516591}.Debug|x64.ActiveCfg = Debug|Any CPU
		{64D36B10-514F-49BA-8866-A596A4516591}.Debug|x64.Build.0 = Debug|Any CPU
		{64D36B10-514F-49BA-8866-A596A4516591}.Debug|x86.ActiveCfg = Debug|Any CPU
		{64D36B10-514F-49BA-8866-A596A4516591}.Debug|x86.Build.0 = Debug|Any CPU
		{64D36B10-514F-49BA-8866-A596A4516591}.Release|Any CPU.ActiveCfg = Release|Any CPU
		{64D36B10-514F-49BA-8866-A596A4516591}.Release|Any CPU.Build.0 = Release|Any CPU
		{64D36B10-514F-49BA-8866-A596A4516591}.Release|x64.ActiveCfg = Release|Any CPU
		{64D36B10-514F-49BA-8866-A596A4516591}.Release|x64.Build.0 = Release|Any CPU
		{64D36B10-514F-49BA-8866-A596A4516591}.Release|x86.ActiveCfg = Release|Any CPU
		{64D36B10-514F-49BA-8866-A596A4516591}.Release|x86.Build.0 = Release|Any CPU
		{56571013-BC2A-4EEF-973B-CC25B303BEA0}.Debug|Any CPU.ActiveCfg = Debug|Any CPU
		{56571013-BC2A-4EEF-973B-CC25B303BEA0}.Debug|Any CPU.Build.0 = Debug|Any CPU
		{56571013-BC2A-4EEF-973B-CC25B303BEA0}.Debug|x64.ActiveCfg = Debug|Any CPU
		{56571013-BC2A-4EEF-973B-CC25B303BEA0}.Debug|x64.Build.0 = Debug|Any CPU
		{56571013-BC2A-4EEF-973B-CC25B303BEA0}.Debug|x86.ActiveCfg = Debug|Any CPU
		{56571013-BC2A-4EEF-973B-CC25B303BEA0}.Debug|x86.Build.0 = Debug|Any CPU
		{56571013-BC2A-4EEF-973B-CC25B303BEA0}.Release|Any CPU.ActiveCfg = Release|Any CPU
		{56571013-BC2A-4EEF-973B-CC25B303BEA0}.Release|Any CPU.Build.0 = Release|Any CPU
		{56571013-BC2A-4EEF-973B-CC25B303BEA0}.Release|x64.ActiveCfg = Release|Any CPU
		{56571013-BC2A-4EEF-973B-CC25B303BEA0}.Release|x64.Build.0 = Release|Any CPU
		{56571013-BC2A-4EEF-973B-CC25B303BEA0}.Release|x86.ActiveCfg = Release|Any CPU
		{56571013-BC2A-4EEF-973B-CC25B303BEA0}.Release|x86.Build.0 = Release|Any CPU
	EndGlobalSection
	GlobalSection(SolutionProperties) = preSolution
		HideSolutionNode = FALSE
	EndGlobalSection
	GlobalSection(ExtensibilityGlobals) = postSolution
		SolutionGuid = {A58E0EAB-F936-4DF8-9DEF-5BC963DFBE5C}
	EndGlobalSection
EndGlobal
